
Microsoft Visual Studio Solution File, Format Version 12.00
# Visual Studio Version 17
VisualStudioVersion = 17.2.32516.85
MinimumVisualStudioVersion = 10.0.40219.1
Project("{FAE04EC0-301F-11D3-BF4B-00C04F79EFBC}") = "Roommates", "Roommates\Roommates.csproj", "{742939BC-319A-4B3A-AABB-0EC1B91634B2}"
EndProject
Global
	GlobalSection(SolutionConfigurationPlatforms) = preSolution
		Debug|Any CPU = Debug|Any CPU
		Release|Any CPU = Release|Any CPU
	EndGlobalSection
	GlobalSection(ProjectConfigurationPlatforms) = postSolution
		{742939BC-319A-4B3A-AABB-0EC1B91634B2}.Debug|Any CPU.ActiveCfg = Debug|Any CPU
		{742939BC-319A-4B3A-AABB-0EC1B91634B2}.Debug|Any CPU.Build.0 = Debug|Any CPU
		{742939BC-319A-4B3A-AABB-0EC1B91634B2}.Release|Any CPU.ActiveCfg = Release|Any CPU
		{742939BC-319A-4B3A-AABB-0EC1B91634B2}.Release|Any CPU.Build.0 = Release|Any CPU
	EndGlobalSection
	GlobalSection(SolutionProperties) = preSolution
		HideSolutionNode = FALSE
	EndGlobalSection
	GlobalSection(ExtensibilityGlobals) = postSolution
		SolutionGuid = {D1759F57-C604-4033-B9F0-22AFC52789A9}
	EndGlobalSection
EndGlobal
